
Microsoft Visual Studio Solution File, Format Version 12.00
# Visual Studio 14
VisualStudioVersion = 14.0.25420.1
MinimumVisualStudioVersion = 10.0.40219.1
Project("{FAE04EC0-301F-11D3-BF4B-00C04F79EFBC}") = "TomiSoft.MP3Player", "TomiSoft.MP3Player\TomiSoft.MP3Player.csproj", "{8DE81E73-1DEA-412D-8C94-77697831FF4D}"
	ProjectSection(ProjectDependencies) = postProject
		{F482B663-DF59-4160-8F82-D32641AAFD60} = {F482B663-DF59-4160-8F82-D32641AAFD60}
	EndProjectSection
EndProject
Project("{FAE04EC0-301F-11D3-BF4B-00C04F79EFBC}") = "TomiSoft.Music.Lyrics", "TomiSoft.Music.Lyrics\TomiSoft.Music.Lyrics.csproj", "{F482B663-DF59-4160-8F82-D32641AAFD60}"
EndProject
Project("{FAE04EC0-301F-11D3-BF4B-00C04F79EFBC}") = "TomiSoft.MP3Player.Communication", "TomiSoft.MP3Player.Communication\TomiSoft.MP3Player.Communication.csproj", "{FAB5119B-1065-45B0-9E71-83FBA9CCB811}"
EndProject
Project("{FAE04EC0-301F-11D3-BF4B-00C04F79EFBC}") = "TomiSoft.LyricsConverter", "TomiSoft.LyricsConverter\TomiSoft.LyricsConverter.csproj", "{395D4A6E-415A-48C7-B353-052E689D454B}"
EndProject
Project("{FAE04EC0-301F-11D3-BF4B-00C04F79EFBC}") = "TomiSoft.AudioVisualization", "TomiSoft.AudioVisualization\TomiSoft.AudioVisualization.csproj", "{C8AACAF6-9E2B-4D98-BC3A-35A030458F1B}"
EndProject
Project("{FAE04EC0-301F-11D3-BF4B-00C04F79EFBC}") = "TomiSoft.ExternalApis.YoutubeDl", "TomiSoft.ExternalApis.YoutubeDl\TomiSoft.ExternalApis.YoutubeDl.csproj", "{4EABF703-A827-4305-A006-14AE7EB65663}"
EndProject
Project("{FAE04EC0-301F-11D3-BF4B-00C04F79EFBC}") = "TomiSoft.LyricsEditor", "TomiSoft.LyricsEditor\TomiSoft.LyricsEditor.csproj", "{E118889C-D239-4091-BA09-236AA43E55C8}"
EndProject
Project("{FAE04EC0-301F-11D3-BF4B-00C04F79EFBC}") = "TomiSoft.MP3Player.Common", "TomiSoft.MP3Player.Common\TomiSoft.MP3Player.Common.csproj", "{90983566-00FC-4F5F-A126-D4708C19D17E}"
EndProject
Project("{FAE04EC0-301F-11D3-BF4B-00C04F79EFBC}") = "TomiSoft.Music.LyricsTests", "TomiSoft.Music.LyricsTests\TomiSoft.Music.LyricsTests.csproj", "{6F75E56A-A05D-4A19-A59F-EEF6689DE067}"
EndProject
Global
	GlobalSection(SolutionConfigurationPlatforms) = preSolution
		Debug|Any CPU = Debug|Any CPU
		Release|Any CPU = Release|Any CPU
	EndGlobalSection
	GlobalSection(ProjectConfigurationPlatforms) = postSolution
		{8DE81E73-1DEA-412D-8C94-77697831FF4D}.Debug|Any CPU.ActiveCfg = Debug|Any CPU
		{8DE81E73-1DEA-412D-8C94-77697831FF4D}.Debug|Any CPU.Build.0 = Debug|Any CPU
		{8DE81E73-1DEA-412D-8C94-77697831FF4D}.Release|Any CPU.ActiveCfg = Release|Any CPU
		{8DE81E73-1DEA-412D-8C94-77697831FF4D}.Release|Any CPU.Build.0 = Release|Any CPU
		{F482B663-DF59-4160-8F82-D32641AAFD60}.Debug|Any CPU.ActiveCfg = Debug|Any CPU
		{F482B663-DF59-4160-8F82-D32641AAFD60}.Debug|Any CPU.Build.0 = Debug|Any CPU
		{F482B663-DF59-4160-8F82-D32641AAFD60}.Release|Any CPU.ActiveCfg = Release|Any CPU
		{F482B663-DF59-4160-8F82-D32641AAFD60}.Release|Any CPU.Build.0 = Release|Any CPU
		{FAB5119B-1065-45B0-9E71-83FBA9CCB811}.Debug|Any CPU.ActiveCfg = Debug|Any CPU
		{FAB5119B-1065-45B0-9E71-83FBA9CCB811}.Debug|Any CPU.Build.0 = Debug|Any CPU
		{FAB5119B-1065-45B0-9E71-83FBA9CCB811}.Release|Any CPU.ActiveCfg = Release|Any CPU
		{FAB5119B-1065-45B0-9E71-83FBA9CCB811}.Release|Any CPU.Build.0 = Release|Any CPU
		{395D4A6E-415A-48C7-B353-052E689D454B}.Debug|Any CPU.ActiveCfg = Debug|Any CPU
		{395D4A6E-415A-48C7-B353-052E689D454B}.Debug|Any CPU.Build.0 = Debug|Any CPU
		{395D4A6E-415A-48C7-B353-052E689D454B}.Release|Any CPU.ActiveCfg = Release|Any CPU
		{395D4A6E-415A-48C7-B353-052E689D454B}.Release|Any CPU.Build.0 = Release|Any CPU
		{C8AACAF6-9E2B-4D98-BC3A-35A030458F1B}.Debug|Any CPU.ActiveCfg = Debug|Any CPU
		{C8AACAF6-9E2B-4D98-BC3A-35A030458F1B}.Debug|Any CPU.Build.0 = Debug|Any CPU
		{C8AACAF6-9E2B-4D98-BC3A-35A030458F1B}.Release|Any CPU.ActiveCfg = Release|Any CPU
		{C8AACAF6-9E2B-4D98-BC3A-35A030458F1B}.Release|Any CPU.Build.0 = Release|Any CPU
		{4EABF703-A827-4305-A006-14AE7EB65663}.Debug|Any CPU.ActiveCfg = Debug|Any CPU
		{4EABF703-A827-4305-A006-14AE7EB65663}.Debug|Any CPU.Build.0 = Debug|Any CPU
		{4EABF703-A827-4305-A006-14AE7EB65663}.Release|Any CPU.ActiveCfg = Release|Any CPU
		{4EABF703-A827-4305-A006-14AE7EB65663}.Release|Any CPU.Build.0 = Release|Any CPU
		{E118889C-D239-4091-BA09-236AA43E55C8}.Debug|Any CPU.ActiveCfg = Debug|Any CPU
		{E118889C-D239-4091-BA09-236AA43E55C8}.Debug|Any CPU.Build.0 = Debug|Any CPU
		{E118889C-D239-4091-BA09-236AA43E55C8}.Release|Any CPU.ActiveCfg = Release|Any CPU
		{E118889C-D239-4091-BA09-236AA43E55C8}.Release|Any CPU.Build.0 = Release|Any CPU
		{90983566-00FC-4F5F-A126-D4708C19D17E}.Debug|Any CPU.ActiveCfg = Debug|Any CPU
		{90983566-00FC-4F5F-A126-D4708C19D17E}.Debug|Any CPU.Build.0 = Debug|Any CPU
		{90983566-00FC-4F5F-A126-D4708C19D17E}.Release|Any CPU.ActiveCfg = Release|Any CPU
		{90983566-00FC-4F5F-A126-D4708C19D17E}.Release|Any CPU.Build.0 = Release|Any CPU
		{6F75E56A-A05D-4A19-A59F-EEF6689DE067}.Debug|Any CPU.ActiveCfg = Debug|Any CPU
		{6F75E56A-A05D-4A19-A59F-EEF6689DE067}.Debug|Any CPU.Build.0 = Debug|Any CPU
		{6F75E56A-A05D-4A19-A59F-EEF6689DE067}.Release|Any CPU.ActiveCfg = Release|Any CPU
		{6F75E56A-A05D-4A19-A59F-EEF6689DE067}.Release|Any CPU.Build.0 = Release|Any CPU
	EndGlobalSection
	GlobalSection(SolutionProperties) = preSolution
		HideSolutionNode = FALSE
	EndGlobalSection
EndGlobal
